
Microsoft Visual Studio Solution File, Format Version 12.00
# Visual Studio 15
VisualStudioVersion = 15.0.26124.0
MinimumVisualStudioVersion = 15.0.26124.0
Project("{FAE04EC0-301F-11D3-BF4B-00C04F79EFBC}") = "1-PrimeiroProjeto", "1-PrimeiroProjeto\1-PrimeiroProjeto.csproj", "{9FEBE4CE-1BB0-43EB-B892-79F829B860DD}"
EndProject
Project("{FAE04EC0-301F-11D3-BF4B-00C04F79EFBC}") = "2-CriandoVariaveis", "2-CriandoVariaveis\2-CriandoVariaveis.csproj", "{3B4013C5-7E70-420D-8585-0BFCF2CCC5F3}"
EndProject
Project("{FAE04EC0-301F-11D3-BF4B-00C04F79EFBC}") = "3-CriandoVariaveisPontoFlutuante", "3-criandoVariaveisPontoFlutuante\3-CriandoVariaveisPontoFlutuante.csproj", "{680AF02C-D896-4B2E-8F09-ADB65745D399}"
EndProject
Project("{FAE04EC0-301F-11D3-BF4B-00C04F79EFBC}") = "4-ConversaoEOutrosTiposNumericos", "4-ConversaoEOutrosTiposNumericos\4-ConversaoEOutrosTiposNumericos.csproj", "{069BCB98-C957-4537-B046-87B0BBDAD091}"
EndProject
Project("{FAE04EC0-301F-11D3-BF4B-00C04F79EFBC}") = "5-CaracteresETextos", "5-CaracteresETextos\5-CaracteresETextos.csproj", "{ECB954F3-B966-4830-AC4C-D49CB05DBBEC}"
EndProject
Project("{FAE04EC0-301F-11D3-BF4B-00C04F79EFBC}") = "6-AtribuicooesDeVariaveis", "6-AtribuicoesDeVariaveis\6-AtribuicooesDeVariaveis.csproj", "{D3113CBD-C4EA-4779-8953-1324C0E940AD}"
EndProject
Project("{FAE04EC0-301F-11D3-BF4B-00C04F79EFBC}") = "7-Condicionais", "7-Condicionais\7-Condicionais.csproj", "{DF6DD02D-2A0F-4858-B6DC-AA18BF06E8EC}"
EndProject
Project("{FAE04EC0-301F-11D3-BF4B-00C04F79EFBC}") = "8-Condicionais2", "8-Condicionais2\8-Condicionais2.csproj", "{5579AF44-5F59-4575-B83D-7AE9FE1D2208}"
EndProject
Project("{FAE04EC0-301F-11D3-BF4B-00C04F79EFBC}") = "9-Escopo", "9-Escopo\9-Escopo.csproj", "{7B7A18D8-53E4-4C83-A6E3-142F736152F2}"
EndProject
Project("{FAE04EC0-301F-11D3-BF4B-00C04F79EFBC}") = "P10-CalculaPoupanca", "P10-CalculaPoupanca\P10-CalculaPoupanca.csproj", "{C11D6DB9-52F9-4175-BAA2-A952F4961BB5}"
EndProject
Project("{FAE04EC0-301F-11D3-BF4B-00C04F79EFBC}") = "P11-CalculaPoupanca2", "P11-CalculaPoupaca2\P11-CalculaPoupanca2.csproj", "{C61B68A6-9DBC-407B-A0FB-B6A0E3043750}"
EndProject
Project("{FAE04EC0-301F-11D3-BF4B-00C04F79EFBC}") = "P12-CalculaInvestimentoLongoPrazo", "P12-CalculaInvestimentoLongoPrazo\P12-CalculaInvestimentoLongoPrazo.csproj", "{6F283235-99CB-475F-99E1-1C1DD0E35B33}"
EndProject
Project("{FAE04EC0-301F-11D3-BF4B-00C04F79EFBC}") = "P13-ForEncadeado", "P13-ForEncadeado\P13-ForEncadeado.csproj", "{A14DB176-FFE8-4563-907C-8DB0A91150E8}"
EndProject
Global
	GlobalSection(SolutionConfigurationPlatforms) = preSolution
		Debug|Any CPU = Debug|Any CPU
		Debug|x64 = Debug|x64
		Debug|x86 = Debug|x86
		Release|Any CPU = Release|Any CPU
		Release|x64 = Release|x64
		Release|x86 = Release|x86
	EndGlobalSection
	GlobalSection(SolutionProperties) = preSolution
		HideSolutionNode = FALSE
	EndGlobalSection
	GlobalSection(ProjectConfigurationPlatforms) = postSolution
		{9FEBE4CE-1BB0-43EB-B892-79F829B860DD}.Debug|Any CPU.ActiveCfg = Debug|Any CPU
		{9FEBE4CE-1BB0-43EB-B892-79F829B860DD}.Debug|Any CPU.Build.0 = Debug|Any CPU
		{9FEBE4CE-1BB0-43EB-B892-79F829B860DD}.Debug|x64.ActiveCfg = Debug|Any CPU
		{9FEBE4CE-1BB0-43EB-B892-79F829B860DD}.Debug|x64.Build.0 = Debug|Any CPU
		{9FEBE4CE-1BB0-43EB-B892-79F829B860DD}.Debug|x86.ActiveCfg = Debug|Any CPU
		{9FEBE4CE-1BB0-43EB-B892-79F829B860DD}.Debug|x86.Build.0 = Debug|Any CPU
		{9FEBE4CE-1BB0-43EB-B892-79F829B860DD}.Release|Any CPU.ActiveCfg = Release|Any CPU
		{9FEBE4CE-1BB0-43EB-B892-79F829B860DD}.Release|Any CPU.Build.0 = Release|Any CPU
		{9FEBE4CE-1BB0-43EB-B892-79F829B860DD}.Release|x64.ActiveCfg = Release|Any CPU
		{9FEBE4CE-1BB0-43EB-B892-79F829B860DD}.Release|x64.Build.0 = Release|Any CPU
		{9FEBE4CE-1BB0-43EB-B892-79F829B860DD}.Release|x86.ActiveCfg = Release|Any CPU
		{9FEBE4CE-1BB0-43EB-B892-79F829B860DD}.Release|x86.Build.0 = Release|Any CPU
		{3B4013C5-7E70-420D-8585-0BFCF2CCC5F3}.Debug|Any CPU.ActiveCfg = Debug|Any CPU
		{3B4013C5-7E70-420D-8585-0BFCF2CCC5F3}.Debug|Any CPU.Build.0 = Debug|Any CPU
		{3B4013C5-7E70-420D-8585-0BFCF2CCC5F3}.Debug|x64.ActiveCfg = Debug|Any CPU
		{3B4013C5-7E70-420D-8585-0BFCF2CCC5F3}.Debug|x64.Build.0 = Debug|Any CPU
		{3B4013C5-7E70-420D-8585-0BFCF2CCC5F3}.Debug|x86.ActiveCfg = Debug|Any CPU
		{3B4013C5-7E70-420D-8585-0BFCF2CCC5F3}.Debug|x86.Build.0 = Debug|Any CPU
		{3B4013C5-7E70-420D-8585-0BFCF2CCC5F3}.Release|Any CPU.ActiveCfg = Release|Any CPU
		{3B4013C5-7E70-420D-8585-0BFCF2CCC5F3}.Release|Any CPU.Build.0 = Release|Any CPU
		{3B4013C5-7E70-420D-8585-0BFCF2CCC5F3}.Release|x64.ActiveCfg = Release|Any CPU
		{3B4013C5-7E70-420D-8585-0BFCF2CCC5F3}.Release|x64.Build.0 = Release|Any CPU
		{3B4013C5-7E70-420D-8585-0BFCF2CCC5F3}.Release|x86.ActiveCfg = Release|Any CPU
		{3B4013C5-7E70-420D-8585-0BFCF2CCC5F3}.Release|x86.Build.0 = Release|Any CPU
		{680AF02C-D896-4B2E-8F09-ADB65745D399}.Debug|Any CPU.ActiveCfg = Debug|Any CPU
		{680AF02C-D896-4B2E-8F09-ADB65745D399}.Debug|Any CPU.Build.0 = Debug|Any CPU
		{680AF02C-D896-4B2E-8F09-ADB65745D399}.Debug|x64.ActiveCfg = Debug|Any CPU
		{680AF02C-D896-4B2E-8F09-ADB65745D399}.Debug|x64.Build.0 = Debug|Any CPU
		{680AF02C-D896-4B2E-8F09-ADB65745D399}.Debug|x86.ActiveCfg = Debug|Any CPU
		{680AF02C-D896-4B2E-8F09-ADB65745D399}.Debug|x86.Build.0 = Debug|Any CPU
		{680AF02C-D896-4B2E-8F09-ADB65745D399}.Release|Any CPU.ActiveCfg = Release|Any CPU
		{680AF02C-D896-4B2E-8F09-ADB65745D399}.Release|Any CPU.Build.0 = Release|Any CPU
		{680AF02C-D896-4B2E-8F09-ADB65745D399}.Release|x64.ActiveCfg = Release|Any CPU
		{680AF02C-D896-4B2E-8F09-ADB65745D399}.Release|x64.Build.0 = Release|Any CPU
		{680AF02C-D896-4B2E-8F09-ADB65745D399}.Release|x86.ActiveCfg = Release|Any CPU
		{680AF02C-D896-4B2E-8F09-ADB65745D399}.Release|x86.Build.0 = Release|Any CPU
		{069BCB98-C957-4537-B046-87B0BBDAD091}.Debug|Any CPU.ActiveCfg = Debug|Any CPU
		{069BCB98-C957-4537-B046-87B0BBDAD091}.Debug|Any CPU.Build.0 = Debug|Any CPU
		{069BCB98-C957-4537-B046-87B0BBDAD091}.Debug|x64.ActiveCfg = Debug|Any CPU
		{069BCB98-C957-4537-B046-87B0BBDAD091}.Debug|x64.Build.0 = Debug|Any CPU
		{069BCB98-C957-4537-B046-87B0BBDAD091}.Debug|x86.ActiveCfg = Debug|Any CPU
		{069BCB98-C957-4537-B046-87B0BBDAD091}.Debug|x86.Build.0 = Debug|Any CPU
		{069BCB98-C957-4537-B046-87B0BBDAD091}.Release|Any CPU.ActiveCfg = Release|Any CPU
		{069BCB98-C957-4537-B046-87B0BBDAD091}.Release|Any CPU.Build.0 = Release|Any CPU
		{069BCB98-C957-4537-B046-87B0BBDAD091}.Release|x64.ActiveCfg = Release|Any CPU
		{069BCB98-C957-4537-B046-87B0BBDAD091}.Release|x64.Build.0 = Release|Any CPU
		{069BCB98-C957-4537-B046-87B0BBDAD091}.Release|x86.ActiveCfg = Release|Any CPU
		{069BCB98-C957-4537-B046-87B0BBDAD091}.Release|x86.Build.0 = Release|Any CPU
		{ECB954F3-B966-4830-AC4C-D49CB05DBBEC}.Debug|Any CPU.ActiveCfg = Debug|Any CPU
		{ECB954F3-B966-4830-AC4C-D49CB05DBBEC}.Debug|Any CPU.Build.0 = Debug|Any CPU
		{ECB954F3-B966-4830-AC4C-D49CB05DBBEC}.Debug|x64.ActiveCfg = Debug|Any CPU
		{ECB954F3-B966-4830-AC4C-D49CB05DBBEC}.Debug|x64.Build.0 = Debug|Any CPU
		{ECB954F3-B966-4830-AC4C-D49CB05DBBEC}.Debug|x86.ActiveCfg = Debug|Any CPU
		{ECB954F3-B966-4830-AC4C-D49CB05DBBEC}.Debug|x86.Build.0 = Debug|Any CPU
		{ECB954F3-B966-4830-AC4C-D49CB05DBBEC}.Release|Any CPU.ActiveCfg = Release|Any CPU
		{ECB954F3-B966-4830-AC4C-D49CB05DBBEC}.Release|Any CPU.Build.0 = Release|Any CPU
		{ECB954F3-B966-4830-AC4C-D49CB05DBBEC}.Release|x64.ActiveCfg = Release|Any CPU
		{ECB954F3-B966-4830-AC4C-D49CB05DBBEC}.Release|x64.Build.0 = Release|Any CPU
		{ECB954F3-B966-4830-AC4C-D49CB05DBBEC}.Release|x86.ActiveCfg = Release|Any CPU
		{ECB954F3-B966-4830-AC4C-D49CB05DBBEC}.Release|x86.Build.0 = Release|Any CPU
		{D3113CBD-C4EA-4779-8953-1324C0E940AD}.Debug|Any CPU.ActiveCfg = Debug|Any CPU
		{D3113CBD-C4EA-4779-8953-1324C0E940AD}.Debug|Any CPU.Build.0 = Debug|Any CPU
		{D3113CBD-C4EA-4779-8953-1324C0E940AD}.Debug|x64.ActiveCfg = Debug|Any CPU
		{D3113CBD-C4EA-4779-8953-1324C0E940AD}.Debug|x64.Build.0 = Debug|Any CPU
		{D3113CBD-C4EA-4779-8953-1324C0E940AD}.Debug|x86.ActiveCfg = Debug|Any CPU
		{D3113CBD-C4EA-4779-8953-1324C0E940AD}.Debug|x86.Build.0 = Debug|Any CPU
		{D3113CBD-C4EA-4779-8953-1324C0E940AD}.Release|Any CPU.ActiveCfg = Release|Any CPU
		{D3113CBD-C4EA-4779-8953-1324C0E940AD}.Release|Any CPU.Build.0 = Release|Any CPU
		{D3113CBD-C4EA-4779-8953-1324C0E940AD}.Release|x64.ActiveCfg = Release|Any CPU
		{D3113CBD-C4EA-4779-8953-1324C0E940AD}.Release|x64.Build.0 = Release|Any CPU
		{D3113CBD-C4EA-4779-8953-1324C0E940AD}.Release|x86.ActiveCfg = Release|Any CPU
		{D3113CBD-C4EA-4779-8953-1324C0E940AD}.Release|x86.Build.0 = Release|Any CPU
		{DF6DD02D-2A0F-4858-B6DC-AA18BF06E8EC}.Debug|Any CPU.ActiveCfg = Debug|Any CPU
		{DF6DD02D-2A0F-4858-B6DC-AA18BF06E8EC}.Debug|Any CPU.Build.0 = Debug|Any CPU
		{DF6DD02D-2A0F-4858-B6DC-AA18BF06E8EC}.Debug|x64.ActiveCfg = Debug|Any CPU
		{DF6DD02D-2A0F-4858-B6DC-AA18BF06E8EC}.Debug|x64.Build.0 = Debug|Any CPU
		{DF6DD02D-2A0F-4858-B6DC-AA18BF06E8EC}.Debug|x86.ActiveCfg = Debug|Any CPU
		{DF6DD02D-2A0F-4858-B6DC-AA18BF06E8EC}.Debug|x86.Build.0 = Debug|Any CPU
		{DF6DD02D-2A0F-4858-B6DC-AA18BF06E8EC}.Release|Any CPU.ActiveCfg = Release|Any CPU
		{DF6DD02D-2A0F-4858-B6DC-AA18BF06E8EC}.Release|Any CPU.Build.0 = Release|Any CPU
		{DF6DD02D-2A0F-4858-B6DC-AA18BF06E8EC}.Release|x64.ActiveCfg = Release|Any CPU
		{DF6DD02D-2A0F-4858-B6DC-AA18BF06E8EC}.Release|x64.Build.0 = Release|Any CPU
		{DF6DD02D-2A0F-4858-B6DC-AA18BF06E8EC}.Release|x86.ActiveCfg = Release|Any CPU
		{DF6DD02D-2A0F-4858-B6DC-AA18BF06E8EC}.Release|x86.Build.0 = Release|Any CPU
		{5579AF44-5F59-4575-B83D-7AE9FE1D2208}.Debug|Any CPU.ActiveCfg = Debug|Any CPU
		{5579AF44-5F59-4575-B83D-7AE9FE1D2208}.Debug|Any CPU.Build.0 = Debug|Any CPU
		{5579AF44-5F59-4575-B83D-7AE9FE1D2208}.Debug|x64.ActiveCfg = Debug|Any CPU
		{5579AF44-5F59-4575-B83D-7AE9FE1D2208}.Debug|x64.Build.0 = Debug|Any CPU
		{5579AF44-5F59-4575-B83D-7AE9FE1D2208}.Debug|x86.ActiveCfg = Debug|Any CPU
		{5579AF44-5F59-4575-B83D-7AE9FE1D2208}.Debug|x86.Build.0 = Debug|Any CPU
		{5579AF44-5F59-4575-B83D-7AE9FE1D2208}.Release|Any CPU.ActiveCfg = Release|Any CPU
		{5579AF44-5F59-4575-B83D-7AE9FE1D2208}.Release|Any CPU.Build.0 = Release|Any CPU
		{5579AF44-5F59-4575-B83D-7AE9FE1D2208}.Release|x64.ActiveCfg = Release|Any CPU
		{5579AF44-5F59-4575-B83D-7AE9FE1D2208}.Release|x64.Build.0 = Release|Any CPU
		{5579AF44-5F59-4575-B83D-7AE9FE1D2208}.Release|x86.ActiveCfg = Release|Any CPU
		{5579AF44-5F59-4575-B83D-7AE9FE1D2208}.Release|x86.Build.0 = Release|Any CPU
		{7B7A18D8-53E4-4C83-A6E3-142F736152F2}.Debug|Any CPU.ActiveCfg = Debug|Any CPU
		{7B7A18D8-53E4-4C83-A6E3-142F736152F2}.Debug|Any CPU.Build.0 = Debug|Any CPU
		{7B7A18D8-53E4-4C83-A6E3-142F736152F2}.Debug|x64.ActiveCfg = Debug|Any CPU
		{7B7A18D8-53E4-4C83-A6E3-142F736152F2}.Debug|x64.Build.0 = Debug|Any CPU
		{7B7A18D8-53E4-4C83-A6E3-142F736152F2}.Debug|x86.ActiveCfg = Debug|Any CPU
		{7B7A18D8-53E4-4C83-A6E3-142F736152F2}.Debug|x86.Build.0 = Debug|Any CPU
		{7B7A18D8-53E4-4C83-A6E3-142F736152F2}.Release|Any CPU.ActiveCfg = Release|Any CPU
		{7B7A18D8-53E4-4C83-A6E3-142F736152F2}.Release|Any CPU.Build.0 = Release|Any CPU
		{7B7A18D8-53E4-4C83-A6E3-142F736152F2}.Release|x64.ActiveCfg = Release|Any CPU
		{7B7A18D8-53E4-4C83-A6E3-142F736152F2}.Release|x64.Build.0 = Release|Any CPU
		{7B7A18D8-53E4-4C83-A6E3-142F736152F2}.Release|x86.ActiveCfg = Release|Any CPU
		{7B7A18D8-53E4-4C83-A6E3-142F736152F2}.Release|x86.Build.0 = Release|Any CPU
		{C11D6DB9-52F9-4175-BAA2-A952F4961BB5}.Debug|Any CPU.ActiveCfg = Debug|Any CPU
		{C11D6DB9-52F9-4175-BAA2-A952F4961BB5}.Debug|Any CPU.Build.0 = Debug|Any CPU
		{C11D6DB9-52F9-4175-BAA2-A952F4961BB5}.Debug|x64.ActiveCfg = Debug|Any CPU
		{C11D6DB9-52F9-4175-BAA2-A952F4961BB5}.Debug|x64.Build.0 = Debug|Any CPU
		{C11D6DB9-52F9-4175-BAA2-A952F4961BB5}.Debug|x86.ActiveCfg = Debug|Any CPU
		{C11D6DB9-52F9-4175-BAA2-A952F4961BB5}.Debug|x86.Build.0 = Debug|Any CPU
		{C11D6DB9-52F9-4175-BAA2-A952F4961BB5}.Release|Any CPU.ActiveCfg = Release|Any CPU
		{C11D6DB9-52F9-4175-BAA2-A952F4961BB5}.Release|Any CPU.Build.0 = Release|Any CPU
		{C11D6DB9-52F9-4175-BAA2-A952F4961BB5}.Release|x64.ActiveCfg = Release|Any CPU
		{C11D6DB9-52F9-4175-BAA2-A952F4961BB5}.Release|x64.Build.0 = Release|Any CPU
		{C11D6DB9-52F9-4175-BAA2-A952F4961BB5}.Release|x86.ActiveCfg = Release|Any CPU
		{C11D6DB9-52F9-4175-BAA2-A952F4961BB5}.Release|x86.Build.0 = Release|Any CPU
		{C61B68A6-9DBC-407B-A0FB-B6A0E3043750}.Debug|Any CPU.ActiveCfg = Debug|Any CPU
		{C61B68A6-9DBC-407B-A0FB-B6A0E3043750}.Debug|Any CPU.Build.0 = Debug|Any CPU
		{C61B68A6-9DBC-407B-A0FB-B6A0E3043750}.Debug|x64.ActiveCfg = Debug|Any CPU
		{C61B68A6-9DBC-407B-A0FB-B6A0E3043750}.Debug|x64.Build.0 = Debug|Any CPU
		{C61B68A6-9DBC-407B-A0FB-B6A0E3043750}.Debug|x86.ActiveCfg = Debug|Any CPU
		{C61B68A6-9DBC-407B-A0FB-B6A0E3043750}.Debug|x86.Build.0 = Debug|Any CPU
		{C61B68A6-9DBC-407B-A0FB-B6A0E3043750}.Release|Any CPU.ActiveCfg = Release|Any CPU
		{C61B68A6-9DBC-407B-A0FB-B6A0E3043750}.Release|Any CPU.Build.0 = Release|Any CPU
		{C61B68A6-9DBC-407B-A0FB-B6A0E3043750}.Release|x64.ActiveCfg = Release|Any CPU
		{C61B68A6-9DBC-407B-A0FB-B6A0E3043750}.Release|x64.Build.0 = Release|Any CPU
		{C61B68A6-9DBC-407B-A0FB-B6A0E3043750}.Release|x86.ActiveCfg = Release|Any CPU
		{C61B68A6-9DBC-407B-A0FB-B6A0E3043750}.Release|x86.Build.0 = Release|Any CPU
		{6F283235-99CB-475F-99E1-1C1DD0E35B33}.Debug|Any CPU.ActiveCfg = Debug|Any CPU
		{6F283235-99CB-475F-99E1-1C1DD0E35B33}.Debug|Any CPU.Build.0 = Debug|Any CPU
		{6F283235-99CB-475F-99E1-1C1DD0E35B33}.Debug|x64.ActiveCfg = Debug|Any CPU
		{6F283235-99CB-475F-99E1-1C1DD0E35B33}.Debug|x64.Build.0 = Debug|Any CPU
		{6F283235-99CB-475F-99E1-1C1DD0E35B33}.Debug|x86.ActiveCfg = Debug|Any CPU
		{6F283235-99CB-475F-99E1-1C1DD0E35B33}.Debug|x86.Build.0 = Debug|Any CPU
		{6F283235-99CB-475F-99E1-1C1DD0E35B33}.Release|Any CPU.ActiveCfg = Release|Any CPU
		{6F283235-99CB-475F-99E1-1C1DD0E35B33}.Release|Any CPU.Build.0 = Release|Any CPU
		{6F283235-99CB-475F-99E1-1C1DD0E35B33}.Release|x64.ActiveCfg = Release|Any CPU
		{6F283235-99CB-475F-99E1-1C1DD0E35B33}.Release|x64.Build.0 = Release|Any CPU
		{6F283235-99CB-475F-99E1-1C1DD0E35B33}.Release|x86.ActiveCfg = Release|Any CPU
		{6F283235-99CB-475F-99E1-1C1DD0E35B33}.Release|x86.Build.0 = Release|Any CPU
		{A14DB176-FFE8-4563-907C-8DB0A91150E8}.Debug|Any CPU.ActiveCfg = Debug|Any CPU
		{A14DB176-FFE8-4563-907C-8DB0A91150E8}.Debug|Any CPU.Build.0 = Debug|Any CPU
		{A14DB176-FFE8-4563-907C-8DB0A91150E8}.Debug|x64.ActiveCfg = Debug|Any CPU
		{A14DB176-FFE8-4563-907C-8DB0A91150E8}.Debug|x64.Build.0 = Debug|Any CPU
		{A14DB176-FFE8-4563-907C-8DB0A91150E8}.Debug|x86.ActiveCfg = Debug|Any CPU
		{A14DB176-FFE8-4563-907C-8DB0A91150E8}.Debug|x86.Build.0 = Debug|Any CPU
		{A14DB176-FFE8-4563-907C-8DB0A91150E8}.Release|Any CPU.ActiveCfg = Release|Any CPU
		{A14DB176-FFE8-4563-907C-8DB0A91150E8}.Release|Any CPU.Build.0 = Release|Any CPU
		{A14DB176-FFE8-4563-907C-8DB0A91150E8}.Release|x64.ActiveCfg = Release|Any CPU
		{A14DB176-FFE8-4563-907C-8DB0A91150E8}.Release|x64.Build.0 = Release|Any CPU
		{A14DB176-FFE8-4563-907C-8DB0A91150E8}.Release|x86.ActiveCfg = Release|Any CPU
		{A14DB176-FFE8-4563-907C-8DB0A91150E8}.Release|x86.Build.0 = Release|Any CPU
	EndGlobalSection
EndGlobal
